// !$*UTF8*$!
{
	archiveVersion = 1;
	classes = {
	};
	objectVersion = 56;
	objects = {

/* Begin PBXBuildFile section */
		B64855A92BA16CC800C0FC2E /* Utils.swift in Sources */ = {isa = PBXBuildFile; fileRef = B64855A82BA16CC800C0FC2E /* Utils.swift */; };
		B663B0E62BA1296E00518550 /* BoardModelView.swift in Sources */ = {isa = PBXBuildFile; fileRef = B663B0E52BA1296E00518550 /* BoardModelView.swift */; };
		B6BBB6262BA0075700D49808 /* MinesApp.swift in Sources */ = {isa = PBXBuildFile; fileRef = B6BBB6252BA0075700D49808 /* MinesApp.swift */; };
		B6BBB6282BA0075700D49808 /* ContentView.swift in Sources */ = {isa = PBXBuildFile; fileRef = B6BBB6272BA0075700D49808 /* ContentView.swift */; };
		B6BBB62A2BA0075800D49808 /* Assets.xcassets in Resources */ = {isa = PBXBuildFile; fileRef = B6BBB6292BA0075800D49808 /* Assets.xcassets */; };
		B6BBB62D2BA0075800D49808 /* Preview Assets.xcassets in Resources */ = {isa = PBXBuildFile; fileRef = B6BBB62C2BA0075800D49808 /* Preview Assets.xcassets */; };
		B6BBB6372BA0075800D49808 /* MinesTests.swift in Sources */ = {isa = PBXBuildFile; fileRef = B6BBB6362BA0075800D49808 /* MinesTests.swift */; };
		B6BBB6412BA0075800D49808 /* MinesUITests.swift in Sources */ = {isa = PBXBuildFile; fileRef = B6BBB6402BA0075800D49808 /* MinesUITests.swift */; };
		B6BBB6432BA0075800D49808 /* MinesUITestsLaunchTests.swift in Sources */ = {isa = PBXBuildFile; fileRef = B6BBB6422BA0075800D49808 /* MinesUITestsLaunchTests.swift */; };
		B6BBB6502BA00BFF00D49808 /* MinesView.swift in Sources */ = {isa = PBXBuildFile; fileRef = B6BBB64F2BA00BFF00D49808 /* MinesView.swift */; };
		B6BBB6522BA00C3400D49808 /* Cell.swift in Sources */ = {isa = PBXBuildFile; fileRef = B6BBB6512BA00C3400D49808 /* Cell.swift */; };
/* End PBXBuildFile section */

/* Begin PBXContainerItemProxy section */
		B6BBB6332BA0075800D49808 /* PBXContainerItemProxy */ = {
			isa = PBXContainerItemProxy;
			containerPortal = B6BBB61A2BA0075700D49808 /* Project object */;
			proxyType = 1;
			remoteGlobalIDString = B6BBB6212BA0075700D49808;
			remoteInfo = Mines;
		};
		B6BBB63D2BA0075800D49808 /* PBXContainerItemProxy */ = {
			isa = PBXContainerItemProxy;
			containerPortal = B6BBB61A2BA0075700D49808 /* Project object */;
			proxyType = 1;
			remoteGlobalIDString = B6BBB6212BA0075700D49808;
			remoteInfo = Mines;
		};
/* End PBXContainerItemProxy section */

/* Begin PBXFileReference section */
		B64855A82BA16CC800C0FC2E /* Utils.swift */ = {isa = PBXFileReference; lastKnownFileType = sourcecode.swift; path = Utils.swift; sourceTree = "<group>"; };
		B663B0E52BA1296E00518550 /* BoardModelView.swift */ = {isa = PBXFileReference; lastKnownFileType = sourcecode.swift; path = BoardModelView.swift; sourceTree = "<group>"; };
		B6BBB6222BA0075700D49808 /* MinesTV.app */ = {isa = PBXFileReference; explicitFileType = wrapper.application; includeInIndex = 0; path = MinesTV.app; sourceTree = BUILT_PRODUCTS_DIR; };
		B6BBB6252BA0075700D49808 /* MinesApp.swift */ = {isa = PBXFileReference; lastKnownFileType = sourcecode.swift; path = MinesApp.swift; sourceTree = "<group>"; };
		B6BBB6272BA0075700D49808 /* ContentView.swift */ = {isa = PBXFileReference; lastKnownFileType = sourcecode.swift; path = ContentView.swift; sourceTree = "<group>"; };
		B6BBB6292BA0075800D49808 /* Assets.xcassets */ = {isa = PBXFileReference; lastKnownFileType = folder.assetcatalog; path = Assets.xcassets; sourceTree = "<group>"; };
		B6BBB62C2BA0075800D49808 /* Preview Assets.xcassets */ = {isa = PBXFileReference; lastKnownFileType = folder.assetcatalog; path = "Preview Assets.xcassets"; sourceTree = "<group>"; };
		B6BBB6322BA0075800D49808 /* MinesTVTests.xctest */ = {isa = PBXFileReference; explicitFileType = wrapper.cfbundle; includeInIndex = 0; path = MinesTVTests.xctest; sourceTree = BUILT_PRODUCTS_DIR; };
		B6BBB6362BA0075800D49808 /* MinesTests.swift */ = {isa = PBXFileReference; lastKnownFileType = sourcecode.swift; path = MinesTests.swift; sourceTree = "<group>"; };
		B6BBB63C2BA0075800D49808 /* MinesTVUITests.xctest */ = {isa = PBXFileReference; explicitFileType = wrapper.cfbundle; includeInIndex = 0; path = MinesTVUITests.xctest; sourceTree = BUILT_PRODUCTS_DIR; };
		B6BBB6402BA0075800D49808 /* MinesUITests.swift */ = {isa = PBXFileReference; lastKnownFileType = sourcecode.swift; path = MinesUITests.swift; sourceTree = "<group>"; };
		B6BBB6422BA0075800D49808 /* MinesUITestsLaunchTests.swift */ = {isa = PBXFileReference; lastKnownFileType = sourcecode.swift; path = MinesUITestsLaunchTests.swift; sourceTree = "<group>"; };
		B6BBB64F2BA00BFF00D49808 /* MinesView.swift */ = {isa = PBXFileReference; lastKnownFileType = sourcecode.swift; path = MinesView.swift; sourceTree = "<group>"; };
		B6BBB6512BA00C3400D49808 /* Cell.swift */ = {isa = PBXFileReference; lastKnownFileType = sourcecode.swift; path = Cell.swift; sourceTree = "<group>"; };
/* End PBXFileReference section */

/* Begin PBXFrameworksBuildPhase section */
		B6BBB61F2BA0075700D49808 /* Frameworks */ = {
			isa = PBXFrameworksBuildPhase;
			buildActionMask = 2147483647;
			files = (
			);
			runOnlyForDeploymentPostprocessing = 0;
		};
		B6BBB62F2BA0075800D49808 /* Frameworks */ = {
			isa = PBXFrameworksBuildPhase;
			buildActionMask = 2147483647;
			files = (
			);
			runOnlyForDeploymentPostprocessing = 0;
		};
		B6BBB6392BA0075800D49808 /* Frameworks */ = {
			isa = PBXFrameworksBuildPhase;
			buildActionMask = 2147483647;
			files = (
			);
			runOnlyForDeploymentPostprocessing = 0;
		};
/* End PBXFrameworksBuildPhase section */

/* Begin PBXGroup section */
		B6BBB6192BA0075700D49808 = {
			isa = PBXGroup;
			children = (
				B6BBB6242BA0075700D49808 /* Mines */,
				B6BBB6352BA0075800D49808 /* MinesTests */,
				B6BBB63F2BA0075800D49808 /* MinesUITests */,
				B6BBB6232BA0075700D49808 /* Products */,
			);
			sourceTree = "<group>";
		};
		B6BBB6232BA0075700D49808 /* Products */ = {
			isa = PBXGroup;
			children = (
				B6BBB6222BA0075700D49808 /* MinesTV.app */,
				B6BBB6322BA0075800D49808 /* MinesTVTests.xctest */,
				B6BBB63C2BA0075800D49808 /* MinesTVUITests.xctest */,
			);
			name = Products;
			sourceTree = "<group>";
		};
		B6BBB6242BA0075700D49808 /* Mines */ = {
			isa = PBXGroup;
			children = (
				B6BBB6252BA0075700D49808 /* MinesApp.swift */,
				B663B0E52BA1296E00518550 /* BoardModelView.swift */,
				B64855A82BA16CC800C0FC2E /* Utils.swift */,
				B6BBB6272BA0075700D49808 /* ContentView.swift */,
				B6BBB64F2BA00BFF00D49808 /* MinesView.swift */,
				B6BBB6512BA00C3400D49808 /* Cell.swift */,
				B6BBB6292BA0075800D49808 /* Assets.xcassets */,
				B6BBB62B2BA0075800D49808 /* Preview Content */,
			);
			path = Mines;
			sourceTree = "<group>";
		};
		B6BBB62B2BA0075800D49808 /* Preview Content */ = {
			isa = PBXGroup;
			children = (
				B6BBB62C2BA0075800D49808 /* Preview Assets.xcassets */,
			);
			path = "Preview Content";
			sourceTree = "<group>";
		};
		B6BBB6352BA0075800D49808 /* MinesTests */ = {
			isa = PBXGroup;
			children = (
				B6BBB6362BA0075800D49808 /* MinesTests.swift */,
			);
			path = MinesTests;
			sourceTree = "<group>";
		};
		B6BBB63F2BA0075800D49808 /* MinesUITests */ = {
			isa = PBXGroup;
			children = (
				B6BBB6402BA0075800D49808 /* MinesUITests.swift */,
				B6BBB6422BA0075800D49808 /* MinesUITestsLaunchTests.swift */,
			);
			path = MinesUITests;
			sourceTree = "<group>";
		};
/* End PBXGroup section */

/* Begin PBXNativeTarget section */
		B6BBB6212BA0075700D49808 /* MinesTV */ = {
			isa = PBXNativeTarget;
			buildConfigurationList = B6BBB6462BA0075800D49808 /* Build configuration list for PBXNativeTarget "MinesTV" */;
			buildPhases = (
				B6BBB61E2BA0075700D49808 /* Sources */,
				B6BBB61F2BA0075700D49808 /* Frameworks */,
				B6BBB6202BA0075700D49808 /* Resources */,
			);
			buildRules = (
			);
			dependencies = (
			);
			name = MinesTV;
			productName = Mines;
			productReference = B6BBB6222BA0075700D49808 /* MinesTV.app */;
			productType = "com.apple.product-type.application";
		};
		B6BBB6312BA0075800D49808 /* MinesTVTests */ = {
			isa = PBXNativeTarget;
			buildConfigurationList = B6BBB6492BA0075800D49808 /* Build configuration list for PBXNativeTarget "MinesTVTests" */;
			buildPhases = (
				B6BBB62E2BA0075800D49808 /* Sources */,
				B6BBB62F2BA0075800D49808 /* Frameworks */,
				B6BBB6302BA0075800D49808 /* Resources */,
			);
			buildRules = (
			);
			dependencies = (
				B6BBB6342BA0075800D49808 /* PBXTargetDependency */,
			);
			name = MinesTVTests;
			productName = MinesTests;
			productReference = B6BBB6322BA0075800D49808 /* MinesTVTests.xctest */;
			productType = "com.apple.product-type.bundle.unit-test";
		};
		B6BBB63B2BA0075800D49808 /* MinesTVUITests */ = {
			isa = PBXNativeTarget;
			buildConfigurationList = B6BBB64C2BA0075800D49808 /* Build configuration list for PBXNativeTarget "MinesTVUITests" */;
			buildPhases = (
				B6BBB6382BA0075800D49808 /* Sources */,
				B6BBB6392BA0075800D49808 /* Frameworks */,
				B6BBB63A2BA0075800D49808 /* Resources */,
			);
			buildRules = (
			);
			dependencies = (
				B6BBB63E2BA0075800D49808 /* PBXTargetDependency */,
			);
			name = MinesTVUITests;
			productName = MinesUITests;
			productReference = B6BBB63C2BA0075800D49808 /* MinesTVUITests.xctest */;
			productType = "com.apple.product-type.bundle.ui-testing";
		};
/* End PBXNativeTarget section */

/* Begin PBXProject section */
		B6BBB61A2BA0075700D49808 /* Project object */ = {
			isa = PBXProject;
			attributes = {
				BuildIndependentTargetsInParallel = 1;
				LastSwiftUpdateCheck = 1530;
				LastUpgradeCheck = 1530;
				TargetAttributes = {
					B6BBB6212BA0075700D49808 = {
						CreatedOnToolsVersion = 15.3;
					};
					B6BBB6312BA0075800D49808 = {
						CreatedOnToolsVersion = 15.3;
						TestTargetID = B6BBB6212BA0075700D49808;
					};
					B6BBB63B2BA0075800D49808 = {
						CreatedOnToolsVersion = 15.3;
						TestTargetID = B6BBB6212BA0075700D49808;
					};
				};
			};
			buildConfigurationList = B6BBB61D2BA0075700D49808 /* Build configuration list for PBXProject "MinesTV" */;
			compatibilityVersion = "Xcode 14.0";
			developmentRegion = en;
			hasScannedForEncodings = 0;
			knownRegions = (
				en,
				Base,
			);
			mainGroup = B6BBB6192BA0075700D49808;
			productRefGroup = B6BBB6232BA0075700D49808 /* Products */;
			projectDirPath = "";
			projectRoot = "";
			targets = (
				B6BBB6212BA0075700D49808 /* MinesTV */,
				B6BBB6312BA0075800D49808 /* MinesTVTests */,
				B6BBB63B2BA0075800D49808 /* MinesTVUITests */,
			);
		};
/* End PBXProject section */

/* Begin PBXResourcesBuildPhase section */
		B6BBB6202BA0075700D49808 /* Resources */ = {
			isa = PBXResourcesBuildPhase;
			buildActionMask = 2147483647;
			files = (
				B6BBB62D2BA0075800D49808 /* Preview Assets.xcassets in Resources */,
				B6BBB62A2BA0075800D49808 /* Assets.xcassets in Resources */,
			);
			runOnlyForDeploymentPostprocessing = 0;
		};
		B6BBB6302BA0075800D49808 /* Resources */ = {
			isa = PBXResourcesBuildPhase;
			buildActionMask = 2147483647;
			files = (
			);
			runOnlyForDeploymentPostprocessing = 0;
		};
		B6BBB63A2BA0075800D49808 /* Resources */ = {
			isa = PBXResourcesBuildPhase;
			buildActionMask = 2147483647;
			files = (
			);
			runOnlyForDeploymentPostprocessing = 0;
		};
/* End PBXResourcesBuildPhase section */

/* Begin PBXSourcesBuildPhase section */
		B6BBB61E2BA0075700D49808 /* Sources */ = {
			isa = PBXSourcesBuildPhase;
			buildActionMask = 2147483647;
			files = (
				B663B0E62BA1296E00518550 /* BoardModelView.swift in Sources */,
				B6BBB6522BA00C3400D49808 /* Cell.swift in Sources */,
				B6BBB6502BA00BFF00D49808 /* MinesView.swift in Sources */,
				B6BBB6282BA0075700D49808 /* ContentView.swift in Sources */,
				B6BBB6262BA0075700D49808 /* MinesApp.swift in Sources */,
				B64855A92BA16CC800C0FC2E /* Utils.swift in Sources */,
			);
			runOnlyForDeploymentPostprocessing = 0;
		};
		B6BBB62E2BA0075800D49808 /* Sources */ = {
			isa = PBXSourcesBuildPhase;
			buildActionMask = 2147483647;
			files = (
				B6BBB6372BA0075800D49808 /* MinesTests.swift in Sources */,
			);
			runOnlyForDeploymentPostprocessing = 0;
		};
		B6BBB6382BA0075800D49808 /* Sources */ = {
			isa = PBXSourcesBuildPhase;
			buildActionMask = 2147483647;
			files = (
				B6BBB6412BA0075800D49808 /* MinesUITests.swift in Sources */,
				B6BBB6432BA0075800D49808 /* MinesUITestsLaunchTests.swift in Sources */,
			);
			runOnlyForDeploymentPostprocessing = 0;
		};
/* End PBXSourcesBuildPhase section */

/* Begin PBXTargetDependency section */
		B6BBB6342BA0075800D49808 /* PBXTargetDependency */ = {
			isa = PBXTargetDependency;
			target = B6BBB6212BA0075700D49808 /* MinesTV */;
			targetProxy = B6BBB6332BA0075800D49808 /* PBXContainerItemProxy */;
		};
		B6BBB63E2BA0075800D49808 /* PBXTargetDependency */ = {
			isa = PBXTargetDependency;
			target = B6BBB6212BA0075700D49808 /* MinesTV */;
			targetProxy = B6BBB63D2BA0075800D49808 /* PBXContainerItemProxy */;
		};
/* End PBXTargetDependency section */

/* Begin XCBuildConfiguration section */
		B6BBB6442BA0075800D49808 /* Debug */ = {
			isa = XCBuildConfiguration;
			buildSettings = {
				ALWAYS_SEARCH_USER_PATHS = NO;
				ASSETCATALOG_COMPILER_GENERATE_SWIFT_ASSET_SYMBOL_EXTENSIONS = YES;
				CLANG_ANALYZER_NONNULL = YES;
				CLANG_ANALYZER_NUMBER_OBJECT_CONVERSION = YES_AGGRESSIVE;
				CLANG_CXX_LANGUAGE_STANDARD = "gnu++20";
				CLANG_ENABLE_MODULES = YES;
				CLANG_ENABLE_OBJC_ARC = YES;
				CLANG_ENABLE_OBJC_WEAK = YES;
				CLANG_WARN_BLOCK_CAPTURE_AUTORELEASING = YES;
				CLANG_WARN_BOOL_CONVERSION = YES;
				CLANG_WARN_COMMA = YES;
				CLANG_WARN_CONSTANT_CONVERSION = YES;
				CLANG_WARN_DEPRECATED_OBJC_IMPLEMENTATIONS = YES;
				CLANG_WARN_DIRECT_OBJC_ISA_USAGE = YES_ERROR;
				CLANG_WARN_DOCUMENTATION_COMMENTS = YES;
				CLANG_WARN_EMPTY_BODY = YES;
				CLANG_WARN_ENUM_CONVERSION = YES;
				CLANG_WARN_INFINITE_RECURSION = YES;
				CLANG_WARN_INT_CONVERSION = YES;
				CLANG_WARN_NON_LITERAL_NULL_CONVERSION = YES;
				CLANG_WARN_OBJC_IMPLICIT_RETAIN_SELF = YES;
				CLANG_WARN_OBJC_LITERAL_CONVERSION = YES;
				CLANG_WARN_OBJC_ROOT_CLASS = YES_ERROR;
				CLANG_WARN_QUOTED_INCLUDE_IN_FRAMEWORK_HEADER = YES;
				CLANG_WARN_RANGE_LOOP_ANALYSIS = YES;
				CLANG_WARN_STRICT_PROTOTYPES = YES;
				CLANG_WARN_SUSPICIOUS_MOVE = YES;
				CLANG_WARN_UNGUARDED_AVAILABILITY = YES_AGGRESSIVE;
				CLANG_WARN_UNREACHABLE_CODE = YES;
				CLANG_WARN__DUPLICATE_METHOD_MATCH = YES;
				COPY_PHASE_STRIP = NO;
				DEBUG_INFORMATION_FORMAT = dwarf;
				ENABLE_STRICT_OBJC_MSGSEND = YES;
				ENABLE_TESTABILITY = YES;
				ENABLE_USER_SCRIPT_SANDBOXING = YES;
				GCC_C_LANGUAGE_STANDARD = gnu17;
				GCC_DYNAMIC_NO_PIC = NO;
				GCC_NO_COMMON_BLOCKS = YES;
				GCC_OPTIMIZATION_LEVEL = 0;
				GCC_PREPROCESSOR_DEFINITIONS = (
					"DEBUG=1",
					"$(inherited)",
				);
				GCC_WARN_64_TO_32_BIT_CONVERSION = YES;
				GCC_WARN_ABOUT_RETURN_TYPE = YES_ERROR;
				GCC_WARN_UNDECLARED_SELECTOR = YES;
				GCC_WARN_UNINITIALIZED_AUTOS = YES_AGGRESSIVE;
				GCC_WARN_UNUSED_FUNCTION = YES;
				GCC_WARN_UNUSED_VARIABLE = YES;
				LOCALIZATION_PREFERS_STRING_CATALOGS = YES;
				MTL_ENABLE_DEBUG_INFO = INCLUDE_SOURCE;
				MTL_FAST_MATH = YES;
				ONLY_ACTIVE_ARCH = YES;
				SDKROOT = appletvos;
				SWIFT_ACTIVE_COMPILATION_CONDITIONS = "DEBUG $(inherited)";
				SWIFT_OPTIMIZATION_LEVEL = "-Onone";
				TVOS_DEPLOYMENT_TARGET = 17.4;
			};
			name = Debug;
		};
		B6BBB6452BA0075800D49808 /* Release */ = {
			isa = XCBuildConfiguration;
			buildSettings = {
				ALWAYS_SEARCH_USER_PATHS = NO;
				ASSETCATALOG_COMPILER_GENERATE_SWIFT_ASSET_SYMBOL_EXTENSIONS = YES;
				CLANG_ANALYZER_NONNULL = YES;
				CLANG_ANALYZER_NUMBER_OBJECT_CONVERSION = YES_AGGRESSIVE;
				CLANG_CXX_LANGUAGE_STANDARD = "gnu++20";
				CLANG_ENABLE_MODULES = YES;
				CLANG_ENABLE_OBJC_ARC = YES;
				CLANG_ENABLE_OBJC_WEAK = YES;
				CLANG_WARN_BLOCK_CAPTURE_AUTORELEASING = YES;
				CLANG_WARN_BOOL_CONVERSION = YES;
				CLANG_WARN_COMMA = YES;
				CLANG_WARN_CONSTANT_CONVERSION = YES;
				CLANG_WARN_DEPRECATED_OBJC_IMPLEMENTATIONS = YES;
				CLANG_WARN_DIRECT_OBJC_ISA_USAGE = YES_ERROR;
				CLANG_WARN_DOCUMENTATION_COMMENTS = YES;
				CLANG_WARN_EMPTY_BODY = YES;
				CLANG_WARN_ENUM_CONVERSION = YES;
				CLANG_WARN_INFINITE_RECURSION = YES;
				CLANG_WARN_INT_CONVERSION = YES;
				CLANG_WARN_NON_LITERAL_NULL_CONVERSION = YES;
				CLANG_WARN_OBJC_IMPLICIT_RETAIN_SELF = YES;
				CLANG_WARN_OBJC_LITERAL_CONVERSION = YES;
				CLANG_WARN_OBJC_ROOT_CLASS = YES_ERROR;
				CLANG_WARN_QUOTED_INCLUDE_IN_FRAMEWORK_HEADER = YES;
				CLANG_WARN_RANGE_LOOP_ANALYSIS = YES;
				CLANG_WARN_STRICT_PROTOTYPES = YES;
				CLANG_WARN_SUSPICIOUS_MOVE = YES;
				CLANG_WARN_UNGUARDED_AVAILABILITY = YES_AGGRESSIVE;
				CLANG_WARN_UNREACHABLE_CODE = YES;
				CLANG_WARN__DUPLICATE_METHOD_MATCH = YES;
				COPY_PHASE_STRIP = NO;
				DEBUG_INFORMATION_FORMAT = "dwarf-with-dsym";
				ENABLE_NS_ASSERTIONS = NO;
				ENABLE_STRICT_OBJC_MSGSEND = YES;
				ENABLE_USER_SCRIPT_SANDBOXING = YES;
				GCC_C_LANGUAGE_STANDARD = gnu17;
				GCC_NO_COMMON_BLOCKS = YES;
				GCC_WARN_64_TO_32_BIT_CONVERSION = YES;
				GCC_WARN_ABOUT_RETURN_TYPE = YES_ERROR;
				GCC_WARN_UNDECLARED_SELECTOR = YES;
				GCC_WARN_UNINITIALIZED_AUTOS = YES_AGGRESSIVE;
				GCC_WARN_UNUSED_FUNCTION = YES;
				GCC_WARN_UNUSED_VARIABLE = YES;
				LOCALIZATION_PREFERS_STRING_CATALOGS = YES;
				MTL_ENABLE_DEBUG_INFO = NO;
				MTL_FAST_MATH = YES;
				SDKROOT = appletvos;
				SWIFT_COMPILATION_MODE = wholemodule;
				TVOS_DEPLOYMENT_TARGET = 17.4;
				VALIDATE_PRODUCT = YES;
			};
			name = Release;
		};
		B6BBB6472BA0075800D49808 /* Debug */ = {
			isa = XCBuildConfiguration;
			buildSettings = {
				ASSETCATALOG_COMPILER_APPICON_NAME = AppIcon;
				ASSETCATALOG_COMPILER_GLOBAL_ACCENT_COLOR_NAME = AccentColor;
				CODE_SIGN_IDENTITY = "Apple Development";
				CODE_SIGN_STYLE = Automatic;
				CURRENT_PROJECT_VERSION = 1;
				DEVELOPMENT_ASSET_PATHS = "\"Mines/Preview Content\"";
				DEVELOPMENT_TEAM = 9UDT7LSCEF;
				ENABLE_PREVIEWS = YES;
				GENERATE_INFOPLIST_FILE = YES;
				INFOPLIST_KEY_CFBundleDisplayName = MinesTV;
				INFOPLIST_KEY_LSApplicationCategoryType = "public.app-category.puzzle-games";
				INFOPLIST_KEY_UILaunchScreen_Generation = YES;
				INFOPLIST_KEY_UIUserInterfaceStyle = Automatic;
				LD_RUNPATH_SEARCH_PATHS = (
					"$(inherited)",
					"@executable_path/Frameworks",
				);
				MACOSX_DEPLOYMENT_TARGET = 14.3.1;
				MARKETING_VERSION = 1.0;
				PRODUCT_BUNDLE_IDENTIFIER = com.durianapps.MinesTV;
				PRODUCT_NAME = "$(TARGET_NAME)";
				PROVISIONING_PROFILE_SPECIFIER = "";
				SUPPORTED_PLATFORMS = "appletvos appletvsimulator iphoneos iphonesimulator macosx";
				SUPPORTS_MACCATALYST = NO;
				SWIFT_EMIT_LOC_STRINGS = YES;
				SWIFT_VERSION = 5.0;
				TARGETED_DEVICE_FAMILY = "1,3";
			};
			name = Debug;
		};
		B6BBB6482BA0075800D49808 /* Release */ = {
			isa = XCBuildConfiguration;
			buildSettings = {
				ASSETCATALOG_COMPILER_APPICON_NAME = AppIcon;
				ASSETCATALOG_COMPILER_GLOBAL_ACCENT_COLOR_NAME = AccentColor;
				CODE_SIGN_IDENTITY = "Apple Development";
				CODE_SIGN_STYLE = Automatic;
				CURRENT_PROJECT_VERSION = 1;
				DEVELOPMENT_ASSET_PATHS = "\"Mines/Preview Content\"";
				DEVELOPMENT_TEAM = 9UDT7LSCEF;
				ENABLE_PREVIEWS = YES;
				GENERATE_INFOPLIST_FILE = YES;
				INFOPLIST_KEY_CFBundleDisplayName = MinesTV;
				INFOPLIST_KEY_LSApplicationCategoryType = "public.app-category.puzzle-games";
				INFOPLIST_KEY_UILaunchScreen_Generation = YES;
				INFOPLIST_KEY_UIUserInterfaceStyle = Automatic;
				LD_RUNPATH_SEARCH_PATHS = (
					"$(inherited)",
					"@executable_path/Frameworks",
				);
				MACOSX_DEPLOYMENT_TARGET = 14.3.1;
				MARKETING_VERSION = 1.0;
				PRODUCT_BUNDLE_IDENTIFIER = com.durianapps.MinesTV;
				PRODUCT_NAME = "$(TARGET_NAME)";
				PROVISIONING_PROFILE_SPECIFIER = "";
				SUPPORTED_PLATFORMS = "appletvos appletvsimulator iphoneos iphonesimulator macosx";
				SUPPORTS_MACCATALYST = NO;
				SWIFT_EMIT_LOC_STRINGS = YES;
				SWIFT_VERSION = 5.0;
				TARGETED_DEVICE_FAMILY = "1,3";
			};
			name = Release;
		};
		B6BBB64A2BA0075800D49808 /* Debug */ = {
			isa = XCBuildConfiguration;
			buildSettings = {
				ALWAYS_EMBED_SWIFT_STANDARD_LIBRARIES = YES;
				BUNDLE_LOADER = "$(TEST_HOST)";
				CODE_SIGN_STYLE = Automatic;
				CURRENT_PROJECT_VERSION = 1;
				GENERATE_INFOPLIST_FILE = YES;
				MARKETING_VERSION = 1.0;
				PRODUCT_BUNDLE_IDENTIFIER = com.durianapps.MinesTests;
				PRODUCT_NAME = "$(TARGET_NAME)";
				SWIFT_EMIT_LOC_STRINGS = NO;
				SWIFT_VERSION = 5.0;
				TARGETED_DEVICE_FAMILY = 3;
				TEST_HOST = "$(BUILT_PRODUCTS_DIR)/MinesTV.app/$(BUNDLE_EXECUTABLE_FOLDER_PATH)/MinesTV";
				TVOS_DEPLOYMENT_TARGET = 17.4;
			};
			name = Debug;
		};
		B6BBB64B2BA0075800D49808 /* Release */ = {
			isa = XCBuildConfiguration;
			buildSettings = {
				ALWAYS_EMBED_SWIFT_STANDARD_LIBRARIES = YES;
				BUNDLE_LOADER = "$(TEST_HOST)";
				CODE_SIGN_STYLE = Automatic;
				CURRENT_PROJECT_VERSION = 1;
				GENERATE_INFOPLIST_FILE = YES;
				MARKETING_VERSION = 1.0;
				PRODUCT_BUNDLE_IDENTIFIER = com.durianapps.MinesTests;
				PRODUCT_NAME = "$(TARGET_NAME)";
				SWIFT_EMIT_LOC_STRINGS = NO;
				SWIFT_VERSION = 5.0;
				TARGETED_DEVICE_FAMILY = 3;
				TEST_HOST = "$(BUILT_PRODUCTS_DIR)/MinesTV.app/$(BUNDLE_EXECUTABLE_FOLDER_PATH)/MinesTV";
				TVOS_DEPLOYMENT_TARGET = 17.4;
			};
			name = Release;
		};
		B6BBB64D2BA0075800D49808 /* Debug */ = {
			isa = XCBuildConfiguration;
			buildSettings = {
				ALWAYS_EMBED_SWIFT_STANDARD_LIBRARIES = YES;
				CODE_SIGN_STYLE = Automatic;
				CURRENT_PROJECT_VERSION = 1;
				GENERATE_INFOPLIST_FILE = YES;
				MARKETING_VERSION = 1.0;
				PRODUCT_BUNDLE_IDENTIFIER = com.durianapps.MinesUITests;
				PRODUCT_NAME = "$(TARGET_NAME)";
				SWIFT_EMIT_LOC_STRINGS = NO;
				SWIFT_VERSION = 5.0;
				TARGETED_DEVICE_FAMILY = 3;
				TEST_TARGET_NAME = Mines;
			};
			name = Debug;
		};
		B6BBB64E2BA0075800D49808 /* Release */ = {
			isa = XCBuildConfiguration;
			buildSettings = {
				ALWAYS_EMBED_SWIFT_STANDARD_LIBRARIES = YES;
				CODE_SIGN_STYLE = Automatic;
				CURRENT_PROJECT_VERSION = 1;
				GENERATE_INFOPLIST_FILE = YES;
				MARKETING_VERSION = 1.0;
				PRODUCT_BUNDLE_IDENTIFIER = com.durianapps.MinesUITests;
				PRODUCT_NAME = "$(TARGET_NAME)";
				SWIFT_EMIT_LOC_STRINGS = NO;
				SWIFT_VERSION = 5.0;
				TARGETED_DEVICE_FAMILY = 3;
				TEST_TARGET_NAME = Mines;
			};
			name = Release;
		};
/* End XCBuildConfiguration section */

/* Begin XCConfigurationList section */
		B6BBB61D2BA0075700D49808 /* Build configuration list for PBXProject "MinesTV" */ = {
			isa = XCConfigurationList;
			buildConfigurations = (
				B6BBB6442BA0075800D49808 /* Debug */,
				B6BBB6452BA0075800D49808 /* Release */,
			);
			defaultConfigurationIsVisible = 0;
			defaultConfigurationName = Release;
		};
		B6BBB6462BA0075800D49808 /* Build configuration list for PBXNativeTarget "MinesTV" */ = {
			isa = XCConfigurationList;
			buildConfigurations = (
				B6BBB6472BA0075800D49808 /* Debug */,
				B6BBB6482BA0075800D49808 /* Release */,
			);
			defaultConfigurationIsVisible = 0;
			defaultConfigurationName = Release;
		};
		B6BBB6492BA0075800D49808 /* Build configuration list for PBXNativeTarget "MinesTVTests" */ = {
			isa = XCConfigurationList;
			buildConfigurations = (
				B6BBB64A2BA0075800D49808 /* Debug */,
				B6BBB64B2BA0075800D49808 /* Release */,
			);
			defaultConfigurationIsVisible = 0;
			defaultConfigurationName = Release;
		};
		B6BBB64C2BA0075800D49808 /* Build configuration list for PBXNativeTarget "MinesTVUITests" */ = {
			isa = XCConfigurationList;
			buildConfigurations = (
				B6BBB64D2BA0075800D49808 /* Debug */,
				B6BBB64E2BA0075800D49808 /* Release */,
			);
			defaultConfigurationIsVisible = 0;
			defaultConfigurationName = Release;
		};
/* End XCConfigurationList section */
	};
	rootObject = B6BBB61A2BA0075700D49808 /* Project object */;
}
